<?xml version="1.0" encoding="UTF-8" standalone="yes" ?>
<CodeBlocks_project_file>
	<FileVersion major="1" minor="6" />
	<Project>
		<Option title="Aerodrone_gui" />
		<Option pch_mode="2" />
		<Option compiler="gcc" />
		<Build>
			<Target title="Debug">
				<Option output="bin/Debug/Aerodrone_gui" prefix_auto="1" extension_auto="1" />
				<Option object_output="obj/Debug/" />
				<Option type="1" />
				<Option compiler="gcc" />
				<Compiler>
					<Add option="-g" />
				</Compiler>
			</Target>
			<Target title="Release">
				<Option output="bin/Release/Aerodrone_gui" prefix_auto="1" extension_auto="1" />
				<Option object_output="obj/Release/" />
				<Option type="1" />
				<Option compiler="gcc" />
				<Compiler>
					<Add option="-O2" />
				</Compiler>
				<Linker>
					<Add option="-s" />
				</Linker>
			</Target>
		</Build>
		<Compiler>
			<Add option="-Wall" />
			<Add option="-fexceptions" />
			<Add option="-fPIC" />
			<Add directory="../qt-everywhere-opensource-src-4.8.4/include" />
			<Add directory="../qt-everywhere-opensource-src-4.8.4/include/QtGui" />
			<Add directory="../qt-everywhere-opensource-src-4.8.4/include/QtCore" />
			<Add directory="../qt-everywhere-opensource-src-4.8.4/include/QtNetwork" />
		</Compiler>
		<Linker>
			<Add option="-lQtCore" />
			<Add option="-lQtGui" />
			<Add option="-lQtNetwork" />
			<Add directory="../qt-everywhere-opensource-src-4.8.4/lib" />
		</Linker>
		<Unit filename="AcceleroInfo.hpp">
			<Option target="&lt;{~None~}&gt;" />
		</Unit>
		<Unit filename="ConfigFile.cpp" />
		<Unit filename="ConfigFile.hpp" />
		<Unit filename="MotorInfo.hpp" />
		<Unit filename="UpdateThread.hpp">
			<Option target="&lt;{~None~}&gt;" />
		</Unit>
		<Unit filename="Window.hpp">
			<Option target="&lt;{~None~}&gt;" />
		</Unit>
		<Unit filename="main.cpp" />
		<Unit filename="misc.h" />
		<Extensions>
			<code_completion />
			<envvars />
			<debugger />
			<DoxyBlocks>
				<comment_style block="0" line="0" />
				<doxyfile_project />
				<doxyfile_build />
				<doxyfile_warnings />
				<doxyfile_output />
				<doxyfile_dot />
				<general />
			</DoxyBlocks>
		</Extensions>
	</Project>
</CodeBlocks_project_file>
